
Microsoft Visual Studio Solution File, Format Version 12.00
# Visual Studio Version 16
VisualStudioVersion = 16.0.31321.278
MinimumVisualStudioVersion = 10.0.40219.1
Project("{FAE04EC0-301F-11D3-BF4B-00C04F79EFBC}") = "IfLabelTool", "IfLabelTool\IfLabelTool.csproj", "{B65C9F55-3089-4E8C-8BE7-3325E5C53238}"
EndProject
Global
	GlobalSection(SolutionConfigurationPlatforms) = preSolution
		Debug|Any CPU = Debug|Any CPU
		Release|Any CPU = Release|Any CPU
	EndGlobalSection
	GlobalSection(ProjectConfigurationPlatforms) = postSolution
		{B65C9F55-3089-4E8C-8BE7-3325E5C53238}.Debug|Any CPU.ActiveCfg = Debug|Any CPU
		{B65C9F55-3089-4E8C-8BE7-3325E5C53238}.Debug|Any CPU.Build.0 = Debug|Any CPU
		{B65C9F55-3089-4E8C-8BE7-3325E5C53238}.Release|Any CPU.ActiveCfg = Release|Any CPU
		{B65C9F55-3089-4E8C-8BE7-3325E5C53238}.Release|Any CPU.Build.0 = Release|Any CPU
	EndGlobalSection
	GlobalSection(SolutionProperties) = preSolution
		HideSolutionNode = FALSE
	EndGlobalSection
	GlobalSection(ExtensibilityGlobals) = postSolution
		SolutionGuid = {1EB39F10-76CF-4C79-B144-7C3AF6D2BBFB}
	EndGlobalSection
EndGlobal
